<?xml version="1.0" encoding="utf-8"?>
<Project ToolsVersion="4.0" xmlns="http://schemas.microsoft.com/developer/msbuild/2003">
  <ItemGroup>
    <ClCompile Include="..\..\..\thirdparty\libjpeg\jaricom.c" />
    <ClCompile Include="..\..\..\thirdparty\libjpeg\jcapimin.c" />
    <ClCompile Include="..\..\..\thirdparty\libjpeg\jcapistd.c" />
    <ClCompile Include="..\..\..\thirdparty\libjpeg\jcarith.c" />
    <ClCompile Include="..\..\..\thirdparty\libjpeg\jccoefct.c" />
    <ClCompile Include="..\..\..\thirdparty\libjpeg\jccolor.c" />
    <ClCompile Include="..\..\..\thirdparty\libjpeg\jcdctmgr.c" />
    <ClCompile Include="..\..\..\thirdparty\libjpeg\jchuff.c" />
    <ClCompile Include="..\..\..\thirdparty\libjpeg\jcinit.c" />
    <ClCompile Include="..\..\..\thirdparty\libjpeg\jcmainct.c" />
    <ClCompile Include="..\..\..\thirdparty\libjpeg\jcmarker.c" />
    <ClCompile Include="..\..\..\thirdparty\libjpeg\jcmaster.c" />
    <ClCompile Include="..\..\..\thirdparty\libjpeg\jcomapi.c" />
    <ClCompile Include="..\..\..\thirdparty\libjpeg\jcparam.c" />
    <ClCompile Include="..\..\..\thirdparty\libjpeg\jcprepct.c" />
    <ClCompile Include="..\..\..\thirdparty\libjpeg\jcsample.c" />
    <ClCompile Include="..\..\..\thirdparty\libjpeg\jctrans.c" />
    <ClCompile Include="..\..\..\thirdparty\libjpeg\jdapimin.c" />
    <ClCompile Include="..\..\..\thirdparty\libjpeg\jdapistd.c" />
    <ClCompile Include="..\..\..\thirdparty\libjpeg\jdarith.c" />
    <ClCompile Include="..\..\..\thirdparty\libjpeg\jdatadst.c" />
    <ClCompile Include="..\..\..\thirdparty\libjpeg\jdatasrc.c" />
    <ClCompile Include="..\..\..\thirdparty\libjpeg\jdcoefct.c" />
    <ClCompile Include="..\..\..\thirdparty\libjpeg\jdcolor.c" />
    <ClCompile Include="..\..\..\thirdparty\libjpeg\jddctmgr.c" />
    <ClCompile Include="..\..\..\thirdparty\libjpeg\jdhuff.c" />
    <ClCompile Include="..\..\..\thirdparty\libjpeg\jdinput.c" />
    <ClCompile Include="..\..\..\thirdparty\libjpeg\jdmainct.c" />
    <ClCompile Include="..\..\..\thirdparty\libjpeg\jdmarker.c" />
    <ClCompile Include="..\..\..\thirdparty\libjpeg\jdmaster.c" />
    <ClCompile Include="..\..\..\thirdparty\libjpeg\jdmerge.c" />
    <ClCompile Include="..\..\..\thirdparty\libjpeg\jdpostct.c" />
    <ClCompile Include="..\..\..\thirdparty\libjpeg\jdsample.c" />
    <ClCompile Include="..\..\..\thirdparty\libjpeg\jdtrans.c" />
    <ClCompile Include="..\..\..\thirdparty\libjpeg\jerror.c" />
    <ClCompile Include="..\..\..\thirdparty\libjpeg\jfdctflt.c" />
    <ClCompile Include="..\..\..\thirdparty\libjpeg\jfdctfst.c" />
    <ClCompile Include="..\..\..\thirdparty\libjpeg\jfdctint.c" />
    <ClCompile Include="..\..\..\thirdparty\libjpeg\jidctflt.c" />
    <ClCompile Include="..\..\..\thirdparty\libjpeg\jidctfst.c" />
    <ClCompile Include="..\..\..\thirdparty\libjpeg\jidctint.c" />
    <ClCompile Include="..\..\..\thirdparty\libjpeg\jmemmgr.c" />
    <ClCompile Include="..\..\..\thirdparty\libjpeg\jmemnobs.c" />
    <ClCompile Include="..\..\..\thirdparty\libjpeg\jquant1.c" />
    <ClCompile Include="..\..\..\thirdparty\libjpeg\jquant2.c" />
    <ClCompile Include="..\..\..\thirdparty\libjpeg\jutils.c" />
  </ItemGroup>
</Project>