<?xml version="1.0" encoding="utf-8"?>
<Project ToolsVersion="4.0" xmlns="http://schemas.microsoft.com/developer/msbuild/2003">
  <ItemGroup>
    <ClCompile Include="..\..\..\thirdparty\zlib\adler32.c" />
    <ClCompile Include="..\..\..\thirdparty\zlib\compress.c" />
    <ClCompile Include="..\..\..\thirdparty\zlib\crc32.c" />
    <ClCompile Include="..\..\..\thirdparty\zlib\deflate.c" />
    <ClCompile Include="..\..\..\thirdparty\zlib\gzclose.c" />
    <ClCompile Include="..\..\..\thirdparty\zlib\gzlib.c" />
    <ClCompile Include="..\..\..\thirdparty\zlib\gzread.c" />
    <ClCompile Include="..\..\..\thirdparty\zlib\gzwrite.c" />
    <ClCompile Include="..\..\..\thirdparty\zlib\infback.c" />
    <ClCompile Include="..\..\..\thirdparty\zlib\inffast.c" />
    <ClCompile Include="..\..\..\thirdparty\zlib\inflate.c" />
    <ClCompile Include="..\..\..\thirdparty\zlib\inftrees.c" />
    <ClCompile Include="..\..\..\thirdparty\zlib\trees.c" />
    <ClCompile Include="..\..\..\thirdparty\zlib\uncompr.c" />
    <ClCompile Include="..\..\..\thirdparty\zlib\zutil.c" />
  </ItemGroup>
</Project>