<?xml version="1.0" encoding="UTF-8" standalone="yes" ?>
<CodeBlocks_project_file>
	<FileVersion major="1" minor="6" />
	<Project>
		<Option title="libjpeg" />
		<Option pch_mode="2" />
		<Option compiler="gcc" />
		<Build>
			<Target title="Debug">
				<Option output="../../../build/libjpeg.a" prefix_auto="0" extension_auto="0" />
				<Option working_dir="" />
				<Option object_output="obj/Debug/" />
				<Option type="2" />
				<Option compiler="gcc" />
				<Option createDefFile="1" />
				<Compiler>
					<Add option="-Wall" />
					<Add option="-g" />
				</Compiler>
			</Target>
			<Target title="Release">
				<Option output="../../../build/libjpeg.a" prefix_auto="0" extension_auto="0" />
				<Option working_dir="" />
				<Option object_output="obj/Release/" />
				<Option type="2" />
				<Option compiler="gcc" />
				<Option createDefFile="1" />
				<Compiler>
					<Add option="-Wall" />
					<Add option="-O2" />
				</Compiler>
				<Linker>
					<Add option="-s" />
				</Linker>
			</Target>
		</Build>
		<Compiler>
			<Add option="-Wno-main" />
		</Compiler>
		<Unit filename="../../../thirdparty/libjpeg/jaricom.c">
			<Option compilerVar="CC" />
		</Unit>
		<Unit filename="../../../thirdparty/libjpeg/jcapimin.c">
			<Option compilerVar="CC" />
		</Unit>
		<Unit filename="../../../thirdparty/libjpeg/jcapistd.c">
			<Option compilerVar="CC" />
		</Unit>
		<Unit filename="../../../thirdparty/libjpeg/jcarith.c">
			<Option compilerVar="CC" />
		</Unit>
		<Unit filename="../../../thirdparty/libjpeg/jccoefct.c">
			<Option compilerVar="CC" />
		</Unit>
		<Unit filename="../../../thirdparty/libjpeg/jccolor.c">
			<Option compilerVar="CC" />
		</Unit>
		<Unit filename="../../../thirdparty/libjpeg/jcdctmgr.c">
			<Option compilerVar="CC" />
		</Unit>
		<Unit filename="../../../thirdparty/libjpeg/jchuff.c">
			<Option compilerVar="CC" />
		</Unit>
		<Unit filename="../../../thirdparty/libjpeg/jcinit.c">
			<Option compilerVar="CC" />
		</Unit>
		<Unit filename="../../../thirdparty/libjpeg/jcmainct.c">
			<Option compilerVar="CC" />
		</Unit>
		<Unit filename="../../../thirdparty/libjpeg/jcmarker.c">
			<Option compilerVar="CC" />
		</Unit>
		<Unit filename="../../../thirdparty/libjpeg/jcmaster.c">
			<Option compilerVar="CC" />
		</Unit>
		<Unit filename="../../../thirdparty/libjpeg/jcomapi.c">
			<Option compilerVar="CC" />
		</Unit>
		<Unit filename="../../../thirdparty/libjpeg/jcparam.c">
			<Option compilerVar="CC" />
		</Unit>
		<Unit filename="../../../thirdparty/libjpeg/jcprepct.c">
			<Option compilerVar="CC" />
		</Unit>
		<Unit filename="../../../thirdparty/libjpeg/jcsample.c">
			<Option compilerVar="CC" />
		</Unit>
		<Unit filename="../../../thirdparty/libjpeg/jctrans.c">
			<Option compilerVar="CC" />
		</Unit>
		<Unit filename="../../../thirdparty/libjpeg/jdapimin.c">
			<Option compilerVar="CC" />
		</Unit>
		<Unit filename="../../../thirdparty/libjpeg/jdapistd.c">
			<Option compilerVar="CC" />
		</Unit>
		<Unit filename="../../../thirdparty/libjpeg/jdarith.c">
			<Option compilerVar="CC" />
		</Unit>
		<Unit filename="../../../thirdparty/libjpeg/jdatadst.c">
			<Option compilerVar="CC" />
		</Unit>
		<Unit filename="../../../thirdparty/libjpeg/jdatasrc.c">
			<Option compilerVar="CC" />
		</Unit>
		<Unit filename="../../../thirdparty/libjpeg/jdcoefct.c">
			<Option compilerVar="CC" />
		</Unit>
		<Unit filename="../../../thirdparty/libjpeg/jdcolor.c">
			<Option compilerVar="CC" />
		</Unit>
		<Unit filename="../../../thirdparty/libjpeg/jddctmgr.c">
			<Option compilerVar="CC" />
		</Unit>
		<Unit filename="../../../thirdparty/libjpeg/jdhuff.c">
			<Option compilerVar="CC" />
		</Unit>
		<Unit filename="../../../thirdparty/libjpeg/jdinput.c">
			<Option compilerVar="CC" />
		</Unit>
		<Unit filename="../../../thirdparty/libjpeg/jdmainct.c">
			<Option compilerVar="CC" />
		</Unit>
		<Unit filename="../../../thirdparty/libjpeg/jdmarker.c">
			<Option compilerVar="CC" />
		</Unit>
		<Unit filename="../../../thirdparty/libjpeg/jdmaster.c">
			<Option compilerVar="CC" />
		</Unit>
		<Unit filename="../../../thirdparty/libjpeg/jdmerge.c">
			<Option compilerVar="CC" />
		</Unit>
		<Unit filename="../../../thirdparty/libjpeg/jdpostct.c">
			<Option compilerVar="CC" />
		</Unit>
		<Unit filename="../../../thirdparty/libjpeg/jdsample.c">
			<Option compilerVar="CC" />
		</Unit>
		<Unit filename="../../../thirdparty/libjpeg/jdtrans.c">
			<Option compilerVar="CC" />
		</Unit>
		<Unit filename="../../../thirdparty/libjpeg/jerror.c">
			<Option compilerVar="CC" />
		</Unit>
		<Unit filename="../../../thirdparty/libjpeg/jfdctflt.c">
			<Option compilerVar="CC" />
		</Unit>
		<Unit filename="../../../thirdparty/libjpeg/jfdctfst.c">
			<Option compilerVar="CC" />
		</Unit>
		<Unit filename="../../../thirdparty/libjpeg/jfdctint.c">
			<Option compilerVar="CC" />
		</Unit>
		<Unit filename="../../../thirdparty/libjpeg/jidctflt.c">
			<Option compilerVar="CC" />
		</Unit>
		<Unit filename="../../../thirdparty/libjpeg/jidctfst.c">
			<Option compilerVar="CC" />
		</Unit>
		<Unit filename="../../../thirdparty/libjpeg/jidctint.c">
			<Option compilerVar="CC" />
		</Unit>
		<Unit filename="../../../thirdparty/libjpeg/jmemmgr.c">
			<Option compilerVar="CC" />
		</Unit>
		<Unit filename="../../../thirdparty/libjpeg/jmemnobs.c">
			<Option compilerVar="CC" />
		</Unit>
		<Unit filename="../../../thirdparty/libjpeg/jquant1.c">
			<Option compilerVar="CC" />
		</Unit>
		<Unit filename="../../../thirdparty/libjpeg/jquant2.c">
			<Option compilerVar="CC" />
		</Unit>
		<Unit filename="../../../thirdparty/libjpeg/jutils.c">
			<Option compilerVar="CC" />
		</Unit>
		<Extensions>
			<code_completion />
			<debugger />
		</Extensions>
	</Project>
</CodeBlocks_project_file>
